
Microsoft Visual Studio Solution File, Format Version 12.00
# Visual Studio Version 17
VisualStudioVersion = 17.3.32929.385
MinimumVisualStudioVersion = 10.0.40219.1
Project("{FAE04EC0-301F-11D3-BF4B-00C04F79EFBC}") = "Random int dizi olusturalim", "Random int dizi olusturalim.csproj", "{62993AFC-CA60-472D-9483-4D2427C7B9CA}"
EndProject
Global
	GlobalSection(SolutionConfigurationPlatforms) = preSolution
		Debug|Any CPU = Debug|Any CPU
		Release|Any CPU = Release|Any CPU
	EndGlobalSection
	GlobalSection(ProjectConfigurationPlatforms) = postSolution
		{62993AFC-CA60-472D-9483-4D2427C7B9CA}.Debug|Any CPU.ActiveCfg = Debug|Any CPU
		{62993AFC-CA60-472D-9483-4D2427C7B9CA}.Debug|Any CPU.Build.0 = Debug|Any CPU
		{62993AFC-CA60-472D-9483-4D2427C7B9CA}.Release|Any CPU.ActiveCfg = Release|Any CPU
		{62993AFC-CA60-472D-9483-4D2427C7B9CA}.Release|Any CPU.Build.0 = Release|Any CPU
	EndGlobalSection
	GlobalSection(SolutionProperties) = preSolution
		HideSolutionNode = FALSE
	EndGlobalSection
	GlobalSection(ExtensibilityGlobals) = postSolution
		SolutionGuid = {0B32D6E7-25BA-4F8A-AFC1-5DE417C85201}
	EndGlobalSection
EndGlobal
